
Microsoft Visual Studio Solution File, Format Version 12.00
# Visual Studio Version 17
VisualStudioVersion = 17.13.35825.156 d17.13
MinimumVisualStudioVersion = 10.0.40219.1
Project("{FAE04EC0-301F-11D3-BF4B-00C04F79EFBC}") = "WebApi", "WebApi\WebApi.csproj", "{883AB96C-C955-45B0-BFFC-0B7EAE8EFDFC}"
EndProject
Project("{2150E333-8FDC-42A3-9474-1A3956D46DE8}") = "src", "src", "{36D591C7-65C7-A0D1-1CBC-10CDE441BDC8}"
EndProject
Project("{2150E333-8FDC-42A3-9474-1A3956D46DE8}") = "Presentation", "Presentation", "{7871C679-D300-4222-93EB-A4A8370C3624}"
EndProject
Project("{2150E333-8FDC-42A3-9474-1A3956D46DE8}") = "Domain", "Domain", "{AD3A025E-59EB-4CBD-BB3A-01832D26C293}"
EndProject
Project("{2150E333-8FDC-42A3-9474-1A3956D46DE8}") = "Application", "Application", "{D37EDB1F-8783-495C-8655-3717141D13D9}"
EndProject
Project("{2150E333-8FDC-42A3-9474-1A3956D46DE8}") = "Infrastructure", "Infrastructure", "{26E5AA86-5B22-429D-B417-2A24A2A76A94}"
EndProject
Project("{FAE04EC0-301F-11D3-BF4B-00C04F79EFBC}") = "Domain", "Domain\Domain.csproj", "{13E3CF14-48AF-4E07-9000-D6534A22EF41}"
EndProject
Project("{FAE04EC0-301F-11D3-BF4B-00C04F79EFBC}") = "Infrastructure.EntityFramework", "Infrastructure.EntityFramework\Infrastructure.EntityFramework.csproj", "{DC109C23-9B03-4F2D-9C06-51B25E19E3BF}"
EndProject
Project("{FAE04EC0-301F-11D3-BF4B-00C04F79EFBC}") = "Application.Abstracts", "Application.Abstracts\Application.Abstracts.csproj", "{BCBA8E7A-E09D-46F5-8E1C-00718B594AE0}"
EndProject
Project("{FAE04EC0-301F-11D3-BF4B-00C04F79EFBC}") = "Application.Contracts", "Application.Contracts\Application.Contracts.csproj", "{5E677E11-8232-4D40-9A54-6F145479901C}"
EndProject
Project("{FAE04EC0-301F-11D3-BF4B-00C04F79EFBC}") = "Application.Implementations", "Application.Implementations\Application.Implementations.csproj", "{7D30E760-858D-4067-97C6-830BADF91261}"
EndProject
Global
	GlobalSection(SolutionConfigurationPlatforms) = preSolution
		Debug|Any CPU = Debug|Any CPU
		Release|Any CPU = Release|Any CPU
	EndGlobalSection
	GlobalSection(ProjectConfigurationPlatforms) = postSolution
		{883AB96C-C955-45B0-BFFC-0B7EAE8EFDFC}.Debug|Any CPU.ActiveCfg = Debug|Any CPU
		{883AB96C-C955-45B0-BFFC-0B7EAE8EFDFC}.Debug|Any CPU.Build.0 = Debug|Any CPU
		{883AB96C-C955-45B0-BFFC-0B7EAE8EFDFC}.Release|Any CPU.ActiveCfg = Release|Any CPU
		{883AB96C-C955-45B0-BFFC-0B7EAE8EFDFC}.Release|Any CPU.Build.0 = Release|Any CPU
		{13E3CF14-48AF-4E07-9000-D6534A22EF41}.Debug|Any CPU.ActiveCfg = Debug|Any CPU
		{13E3CF14-48AF-4E07-9000-D6534A22EF41}.Debug|Any CPU.Build.0 = Debug|Any CPU
		{13E3CF14-48AF-4E07-9000-D6534A22EF41}.Release|Any CPU.ActiveCfg = Release|Any CPU
		{13E3CF14-48AF-4E07-9000-D6534A22EF41}.Release|Any CPU.Build.0 = Release|Any CPU
		{DC109C23-9B03-4F2D-9C06-51B25E19E3BF}.Debug|Any CPU.ActiveCfg = Debug|Any CPU
		{DC109C23-9B03-4F2D-9C06-51B25E19E3BF}.Debug|Any CPU.Build.0 = Debug|Any CPU
		{DC109C23-9B03-4F2D-9C06-51B25E19E3BF}.Release|Any CPU.ActiveCfg = Release|Any CPU
		{DC109C23-9B03-4F2D-9C06-51B25E19E3BF}.Release|Any CPU.Build.0 = Release|Any CPU
		{BCBA8E7A-E09D-46F5-8E1C-00718B594AE0}.Debug|Any CPU.ActiveCfg = Debug|Any CPU
		{BCBA8E7A-E09D-46F5-8E1C-00718B594AE0}.Debug|Any CPU.Build.0 = Debug|Any CPU
		{BCBA8E7A-E09D-46F5-8E1C-00718B594AE0}.Release|Any CPU.ActiveCfg = Release|Any CPU
		{BCBA8E7A-E09D-46F5-8E1C-00718B594AE0}.Release|Any CPU.Build.0 = Release|Any CPU
		{5E677E11-8232-4D40-9A54-6F145479901C}.Debug|Any CPU.ActiveCfg = Debug|Any CPU
		{5E677E11-8232-4D40-9A54-6F145479901C}.Debug|Any CPU.Build.0 = Debug|Any CPU
		{5E677E11-8232-4D40-9A54-6F145479901C}.Release|Any CPU.ActiveCfg = Release|Any CPU
		{5E677E11-8232-4D40-9A54-6F145479901C}.Release|Any CPU.Build.0 = Release|Any CPU
		{7D30E760-858D-4067-97C6-830BADF91261}.Debug|Any CPU.ActiveCfg = Debug|Any CPU
		{7D30E760-858D-4067-97C6-830BADF91261}.Debug|Any CPU.Build.0 = Debug|Any CPU
		{7D30E760-858D-4067-97C6-830BADF91261}.Release|Any CPU.ActiveCfg = Release|Any CPU
		{7D30E760-858D-4067-97C6-830BADF91261}.Release|Any CPU.Build.0 = Release|Any CPU
	EndGlobalSection
	GlobalSection(SolutionProperties) = preSolution
		HideSolutionNode = FALSE
	EndGlobalSection
	GlobalSection(NestedProjects) = preSolution
		{883AB96C-C955-45B0-BFFC-0B7EAE8EFDFC} = {7871C679-D300-4222-93EB-A4A8370C3624}
		{7871C679-D300-4222-93EB-A4A8370C3624} = {36D591C7-65C7-A0D1-1CBC-10CDE441BDC8}
		{AD3A025E-59EB-4CBD-BB3A-01832D26C293} = {36D591C7-65C7-A0D1-1CBC-10CDE441BDC8}
		{D37EDB1F-8783-495C-8655-3717141D13D9} = {36D591C7-65C7-A0D1-1CBC-10CDE441BDC8}
		{26E5AA86-5B22-429D-B417-2A24A2A76A94} = {36D591C7-65C7-A0D1-1CBC-10CDE441BDC8}
		{13E3CF14-48AF-4E07-9000-D6534A22EF41} = {AD3A025E-59EB-4CBD-BB3A-01832D26C293}
		{DC109C23-9B03-4F2D-9C06-51B25E19E3BF} = {26E5AA86-5B22-429D-B417-2A24A2A76A94}
		{BCBA8E7A-E09D-46F5-8E1C-00718B594AE0} = {D37EDB1F-8783-495C-8655-3717141D13D9}
		{5E677E11-8232-4D40-9A54-6F145479901C} = {D37EDB1F-8783-495C-8655-3717141D13D9}
		{7D30E760-858D-4067-97C6-830BADF91261} = {D37EDB1F-8783-495C-8655-3717141D13D9}
	EndGlobalSection
	GlobalSection(ExtensibilityGlobals) = postSolution
		SolutionGuid = {70E12C73-1621-441E-B583-C27B9585D7E6}
	EndGlobalSection
EndGlobal
