
Microsoft Visual Studio Solution File, Format Version 12.00
# Visual Studio Version 17
VisualStudioVersion = 17.13.35825.156
MinimumVisualStudioVersion = 10.0.40219.1
Project("{FAE04EC0-301F-11D3-BF4B-00C04F79EFBC}") = "WebApi", "WebApi\WebApi.csproj", "{883AB96C-C955-45B0-BFFC-0B7EAE8EFDFC}"
EndProject
Project("{2150E333-8FDC-42A3-9474-1A3956D46DE8}") = "src", "src", "{36D591C7-65C7-A0D1-1CBC-10CDE441BDC8}"
EndProject
Project("{2150E333-8FDC-42A3-9474-1A3956D46DE8}") = "Presentation", "Presentation", "{7871C679-D300-4222-93EB-A4A8370C3624}"
EndProject
Project("{2150E333-8FDC-42A3-9474-1A3956D46DE8}") = "Domain", "Domain", "{AD3A025E-59EB-4CBD-BB3A-01832D26C293}"
EndProject
Project("{2150E333-8FDC-42A3-9474-1A3956D46DE8}") = "Application", "Application", "{D37EDB1F-8783-495C-8655-3717141D13D9}"
EndProject
Project("{2150E333-8FDC-42A3-9474-1A3956D46DE8}") = "Infrastructure", "Infrastructure", "{26E5AA86-5B22-429D-B417-2A24A2A76A94}"
EndProject
Project("{FAE04EC0-301F-11D3-BF4B-00C04F79EFBC}") = "Domain", "Domain\Domain.csproj", "{13E3CF14-48AF-4E07-9000-D6534A22EF41}"
EndProject
Project("{FAE04EC0-301F-11D3-BF4B-00C04F79EFBC}") = "Infrastructure.EntityFramework", "Infrastructure.EntityFramework\Infrastructure.EntityFramework.csproj", "{DC109C23-9B03-4F2D-9C06-51B25E19E3BF}"
EndProject
Project("{FAE04EC0-301F-11D3-BF4B-00C04F79EFBC}") = "Application.Abstracts", "Application.Abstracts\Application.Abstracts.csproj", "{BCBA8E7A-E09D-46F5-8E1C-00718B594AE0}"
EndProject
Project("{FAE04EC0-301F-11D3-BF4B-00C04F79EFBC}") = "Application.Contracts", "Application.Contracts\Application.Contracts.csproj", "{5E677E11-8232-4D40-9A54-6F145479901C}"
EndProject
Project("{FAE04EC0-301F-11D3-BF4B-00C04F79EFBC}") = "Application.Implementations", "Application.Implementations\Application.Implementations.csproj", "{7D30E760-858D-4067-97C6-830BADF91261}"
EndProject
Project("{FAE04EC0-301F-11D3-BF4B-00C04F79EFBC}") = "WebApi.Contracts", "WebApi.Contracts\WebApi.Contracts.csproj", "{D08BFE72-3E46-45F9-9AC3-41476A772903}"
EndProject
Project("{FAE04EC0-301F-11D3-BF4B-00C04F79EFBC}") = "Infrastructure.IdentityServer", "Infrastructure.IdentityServer\Infrastructure.IdentityServer.csproj", "{29501473-0B0E-4D35-A3D4-E6B5D99088E1}"
EndProject
Project("{2150E333-8FDC-42A3-9474-1A3956D46DE8}") = "tests", "tests", "{F85BB4AA-0414-473C-B289-FE42D32AEAB1}"
EndProject
Project("{2150E333-8FDC-42A3-9474-1A3956D46DE8}") = "Application", "Application", "{116617AD-2956-4F86-899E-49A39105CC00}"
EndProject
Project("{2150E333-8FDC-42A3-9474-1A3956D46DE8}") = "Presentation", "Presentation", "{2B4ACDE1-7B9E-4FCC-8921-3AD57A3FECB1}"
EndProject
Project("{FAE04EC0-301F-11D3-BF4B-00C04F79EFBC}") = "Application.Tests", "Application.Tests\Application.Tests.csproj", "{F709082C-89A4-48D2-8D86-B51DF207D4F1}"
EndProject
Project("{FAE04EC0-301F-11D3-BF4B-00C04F79EFBC}") = "WebApi.Tests", "WebApi.Tests\WebApi.Tests.csproj", "{755A34BF-4F97-4FDF-BBF0-C7F05572264A}"
EndProject
Global
	GlobalSection(SolutionConfigurationPlatforms) = preSolution
		Debug|Any CPU = Debug|Any CPU
		Release|Any CPU = Release|Any CPU
	EndGlobalSection
	GlobalSection(ProjectConfigurationPlatforms) = postSolution
		{883AB96C-C955-45B0-BFFC-0B7EAE8EFDFC}.Debug|Any CPU.ActiveCfg = Debug|Any CPU
		{883AB96C-C955-45B0-BFFC-0B7EAE8EFDFC}.Debug|Any CPU.Build.0 = Debug|Any CPU
		{883AB96C-C955-45B0-BFFC-0B7EAE8EFDFC}.Release|Any CPU.ActiveCfg = Release|Any CPU
		{883AB96C-C955-45B0-BFFC-0B7EAE8EFDFC}.Release|Any CPU.Build.0 = Release|Any CPU
		{13E3CF14-48AF-4E07-9000-D6534A22EF41}.Debug|Any CPU.ActiveCfg = Debug|Any CPU
		{13E3CF14-48AF-4E07-9000-D6534A22EF41}.Debug|Any CPU.Build.0 = Debug|Any CPU
		{13E3CF14-48AF-4E07-9000-D6534A22EF41}.Release|Any CPU.ActiveCfg = Release|Any CPU
		{13E3CF14-48AF-4E07-9000-D6534A22EF41}.Release|Any CPU.Build.0 = Release|Any CPU
		{DC109C23-9B03-4F2D-9C06-51B25E19E3BF}.Debug|Any CPU.ActiveCfg = Debug|Any CPU
		{DC109C23-9B03-4F2D-9C06-51B25E19E3BF}.Debug|Any CPU.Build.0 = Debug|Any CPU
		{DC109C23-9B03-4F2D-9C06-51B25E19E3BF}.Release|Any CPU.ActiveCfg = Release|Any CPU
		{DC109C23-9B03-4F2D-9C06-51B25E19E3BF}.Release|Any CPU.Build.0 = Release|Any CPU
		{BCBA8E7A-E09D-46F5-8E1C-00718B594AE0}.Debug|Any CPU.ActiveCfg = Debug|Any CPU
		{BCBA8E7A-E09D-46F5-8E1C-00718B594AE0}.Debug|Any CPU.Build.0 = Debug|Any CPU
		{BCBA8E7A-E09D-46F5-8E1C-00718B594AE0}.Release|Any CPU.ActiveCfg = Release|Any CPU
		{BCBA8E7A-E09D-46F5-8E1C-00718B594AE0}.Release|Any CPU.Build.0 = Release|Any CPU
		{5E677E11-8232-4D40-9A54-6F145479901C}.Debug|Any CPU.ActiveCfg = Debug|Any CPU
		{5E677E11-8232-4D40-9A54-6F145479901C}.Debug|Any CPU.Build.0 = Debug|Any CPU
		{5E677E11-8232-4D40-9A54-6F145479901C}.Release|Any CPU.ActiveCfg = Release|Any CPU
		{5E677E11-8232-4D40-9A54-6F145479901C}.Release|Any CPU.Build.0 = Release|Any CPU
		{7D30E760-858D-4067-97C6-830BADF91261}.Debug|Any CPU.ActiveCfg = Debug|Any CPU
		{7D30E760-858D-4067-97C6-830BADF91261}.Debug|Any CPU.Build.0 = Debug|Any CPU
		{7D30E760-858D-4067-97C6-830BADF91261}.Release|Any CPU.ActiveCfg = Release|Any CPU
		{7D30E760-858D-4067-97C6-830BADF91261}.Release|Any CPU.Build.0 = Release|Any CPU
		{D08BFE72-3E46-45F9-9AC3-41476A772903}.Debug|Any CPU.ActiveCfg = Debug|Any CPU
		{D08BFE72-3E46-45F9-9AC3-41476A772903}.Debug|Any CPU.Build.0 = Debug|Any CPU
		{D08BFE72-3E46-45F9-9AC3-41476A772903}.Release|Any CPU.ActiveCfg = Release|Any CPU
		{D08BFE72-3E46-45F9-9AC3-41476A772903}.Release|Any CPU.Build.0 = Release|Any CPU
		{29501473-0B0E-4D35-A3D4-E6B5D99088E1}.Debug|Any CPU.ActiveCfg = Debug|Any CPU
		{29501473-0B0E-4D35-A3D4-E6B5D99088E1}.Debug|Any CPU.Build.0 = Debug|Any CPU
		{29501473-0B0E-4D35-A3D4-E6B5D99088E1}.Release|Any CPU.ActiveCfg = Release|Any CPU
		{29501473-0B0E-4D35-A3D4-E6B5D99088E1}.Release|Any CPU.Build.0 = Release|Any CPU
		{F709082C-89A4-48D2-8D86-B51DF207D4F1}.Debug|Any CPU.ActiveCfg = Debug|Any CPU
		{F709082C-89A4-48D2-8D86-B51DF207D4F1}.Debug|Any CPU.Build.0 = Debug|Any CPU
		{F709082C-89A4-48D2-8D86-B51DF207D4F1}.Release|Any CPU.ActiveCfg = Release|Any CPU
		{F709082C-89A4-48D2-8D86-B51DF207D4F1}.Release|Any CPU.Build.0 = Release|Any CPU
		{755A34BF-4F97-4FDF-BBF0-C7F05572264A}.Debug|Any CPU.ActiveCfg = Debug|Any CPU
		{755A34BF-4F97-4FDF-BBF0-C7F05572264A}.Debug|Any CPU.Build.0 = Debug|Any CPU
		{755A34BF-4F97-4FDF-BBF0-C7F05572264A}.Release|Any CPU.ActiveCfg = Release|Any CPU
		{755A34BF-4F97-4FDF-BBF0-C7F05572264A}.Release|Any CPU.Build.0 = Release|Any CPU
	EndGlobalSection
	GlobalSection(SolutionProperties) = preSolution
		HideSolutionNode = FALSE
	EndGlobalSection
	GlobalSection(NestedProjects) = preSolution
		{883AB96C-C955-45B0-BFFC-0B7EAE8EFDFC} = {7871C679-D300-4222-93EB-A4A8370C3624}
		{7871C679-D300-4222-93EB-A4A8370C3624} = {36D591C7-65C7-A0D1-1CBC-10CDE441BDC8}
		{AD3A025E-59EB-4CBD-BB3A-01832D26C293} = {36D591C7-65C7-A0D1-1CBC-10CDE441BDC8}
		{D37EDB1F-8783-495C-8655-3717141D13D9} = {36D591C7-65C7-A0D1-1CBC-10CDE441BDC8}
		{26E5AA86-5B22-429D-B417-2A24A2A76A94} = {36D591C7-65C7-A0D1-1CBC-10CDE441BDC8}
		{13E3CF14-48AF-4E07-9000-D6534A22EF41} = {AD3A025E-59EB-4CBD-BB3A-01832D26C293}
		{DC109C23-9B03-4F2D-9C06-51B25E19E3BF} = {26E5AA86-5B22-429D-B417-2A24A2A76A94}
		{BCBA8E7A-E09D-46F5-8E1C-00718B594AE0} = {D37EDB1F-8783-495C-8655-3717141D13D9}
		{5E677E11-8232-4D40-9A54-6F145479901C} = {D37EDB1F-8783-495C-8655-3717141D13D9}
		{7D30E760-858D-4067-97C6-830BADF91261} = {D37EDB1F-8783-495C-8655-3717141D13D9}
		{D08BFE72-3E46-45F9-9AC3-41476A772903} = {7871C679-D300-4222-93EB-A4A8370C3624}
		{29501473-0B0E-4D35-A3D4-E6B5D99088E1} = {26E5AA86-5B22-429D-B417-2A24A2A76A94}
		{116617AD-2956-4F86-899E-49A39105CC00} = {F85BB4AA-0414-473C-B289-FE42D32AEAB1}
		{2B4ACDE1-7B9E-4FCC-8921-3AD57A3FECB1} = {F85BB4AA-0414-473C-B289-FE42D32AEAB1}
		{F709082C-89A4-48D2-8D86-B51DF207D4F1} = {116617AD-2956-4F86-899E-49A39105CC00}
		{755A34BF-4F97-4FDF-BBF0-C7F05572264A} = {2B4ACDE1-7B9E-4FCC-8921-3AD57A3FECB1}
	EndGlobalSection
	GlobalSection(ExtensibilityGlobals) = postSolution
		SolutionGuid = {70E12C73-1621-441E-B583-C27B9585D7E6}
	EndGlobalSection
EndGlobal
